// !$*UTF8*$!
{
	archiveVersion = 1;
	classes = {
	};
	objectVersion = 46;
	objects = {

/* Begin PBXBuildFile section */
		34F951A71C83BFF1003CBE96 /* AppDelegate.swift in Sources */ = {isa = PBXBuildFile; fileRef = 34F951A61C83BFF1003CBE96 /* AppDelegate.swift */; };
		34F951A91C83BFF1003CBE96 /* ViewController.swift in Sources */ = {isa = PBXBuildFile; fileRef = 34F951A81C83BFF1003CBE96 /* ViewController.swift */; };
		34F951AC1C83BFF1003CBE96 /* Main.storyboard in Resources */ = {isa = PBXBuildFile; fileRef = 34F951AA1C83BFF1003CBE96 /* Main.storyboard */; };
		34F951AF1C83BFF1003CBE96 /* recipez.xcdatamodeld in Sources */ = {isa = PBXBuildFile; fileRef = 34F951AD1C83BFF1003CBE96 /* recipez.xcdatamodeld */; };
		34F951B11C83BFF1003CBE96 /* Assets.xcassets in Resources */ = {isa = PBXBuildFile; fileRef = 34F951B01C83BFF1003CBE96 /* Assets.xcassets */; };
		34F951B41C83BFF1003CBE96 /* LaunchScreen.storyboard in Resources */ = {isa = PBXBuildFile; fileRef = 34F951B21C83BFF1003CBE96 /* LaunchScreen.storyboard */; };
		34F951C01C83C8F3003CBE96 /* Recipe+CoreDataProperties.swift in Sources */ = {isa = PBXBuildFile; fileRef = 34F951BE1C83C8F3003CBE96 /* Recipe+CoreDataProperties.swift */; };
		34F951C11C83C8F3003CBE96 /* Recipe.swift in Sources */ = {isa = PBXBuildFile; fileRef = 34F951BF1C83C8F3003CBE96 /* Recipe.swift */; };
		34F951C31C83CCB9003CBE96 /* RecipeCell.swift in Sources */ = {isa = PBXBuildFile; fileRef = 34F951C21C83CCB9003CBE96 /* RecipeCell.swift */; };
		34F951C51C83D3EE003CBE96 /* RecipeVC.swift in Sources */ = {isa = PBXBuildFile; fileRef = 34F951C41C83D3EE003CBE96 /* RecipeVC.swift */; };
/* End PBXBuildFile section */

/* Begin PBXFileReference section */
		34F951A31C83BFF1003CBE96 /* recipez.app */ = {isa = PBXFileReference; explicitFileType = wrapper.application; includeInIndex = 0; path = recipez.app; sourceTree = BUILT_PRODUCTS_DIR; };
		34F951A61C83BFF1003CBE96 /* AppDelegate.swift */ = {isa = PBXFileReference; lastKnownFileType = sourcecode.swift; path = AppDelegate.swift; sourceTree = "<group>"; };
		34F951A81C83BFF1003CBE96 /* ViewController.swift */ = {isa = PBXFileReference; lastKnownFileType = sourcecode.swift; path = ViewController.swift; sourceTree = "<group>"; };
		34F951AB1C83BFF1003CBE96 /* Base */ = {isa = PBXFileReference; lastKnownFileType = file.storyboard; name = Base; path = Base.lproj/Main.storyboard; sourceTree = "<group>"; };
		34F951AE1C83BFF1003CBE96 /* recipez.xcdatamodel */ = {isa = PBXFileReference; lastKnownFileType = wrapper.xcdatamodel; path = recipez.xcdatamodel; sourceTree = "<group>"; };
		34F951B01C83BFF1003CBE96 /* Assets.xcassets */ = {isa = PBXFileReference; lastKnownFileType = folder.assetcatalog; path = Assets.xcassets; sourceTree = "<group>"; };
		34F951B31C83BFF1003CBE96 /* Base */ = {isa = PBXFileReference; lastKnownFileType = file.storyboard; name = Base; path = Base.lproj/LaunchScreen.storyboard; sourceTree = "<group>"; };
		34F951B51C83BFF1003CBE96 /* Info.plist */ = {isa = PBXFileReference; lastKnownFileType = text.plist.xml; path = Info.plist; sourceTree = "<group>"; };
		34F951BE1C83C8F3003CBE96 /* Recipe+CoreDataProperties.swift */ = {isa = PBXFileReference; fileEncoding = 4; lastKnownFileType = sourcecode.swift; name = "Recipe+CoreDataProperties.swift"; path = "../Recipe+CoreDataProperties.swift"; sourceTree = "<group>"; };
		34F951BF1C83C8F3003CBE96 /* Recipe.swift */ = {isa = PBXFileReference; fileEncoding = 4; lastKnownFileType = sourcecode.swift; name = Recipe.swift; path = ../Recipe.swift; sourceTree = "<group>"; };
		34F951C21C83CCB9003CBE96 /* RecipeCell.swift */ = {isa = PBXFileReference; fileEncoding = 4; lastKnownFileType = sourcecode.swift; path = RecipeCell.swift; sourceTree = "<group>"; };
		34F951C41C83D3EE003CBE96 /* RecipeVC.swift */ = {isa = PBXFileReference; fileEncoding = 4; lastKnownFileType = sourcecode.swift; path = RecipeVC.swift; sourceTree = "<group>"; };
/* End PBXFileReference section */

/* Begin PBXFrameworksBuildPhase section */
		34F951A01C83BFF1003CBE96 /* Frameworks */ = {
			isa = PBXFrameworksBuildPhase;
			buildActionMask = 2147483647;
			files = (
			);
			runOnlyForDeploymentPostprocessing = 0;
		};
/* End PBXFrameworksBuildPhase section */

/* Begin PBXGroup section */
		34F9519A1C83BFF1003CBE96 = {
			isa = PBXGroup;
			children = (
				34F951A51C83BFF1003CBE96 /* recipez */,
				34F951A41C83BFF1003CBE96 /* Products */,
			);
			sourceTree = "<group>";
		};
		34F951A41C83BFF1003CBE96 /* Products */ = {
			isa = PBXGroup;
			children = (
				34F951A31C83BFF1003CBE96 /* recipez.app */,
			);
			name = Products;
			sourceTree = "<group>";
		};
		34F951A51C83BFF1003CBE96 /* recipez */ = {
			isa = PBXGroup;
			children = (
				34F951BD1C83C8B1003CBE96 /* Controller */,
				34F951BC1C83C8AD003CBE96 /* View */,
				34F951BB1C83C8A7003CBE96 /* Model */,
				34F951A61C83BFF1003CBE96 /* AppDelegate.swift */,
				34F951AA1C83BFF1003CBE96 /* Main.storyboard */,
				34F951B01C83BFF1003CBE96 /* Assets.xcassets */,
				34F951B21C83BFF1003CBE96 /* LaunchScreen.storyboard */,
				34F951B51C83BFF1003CBE96 /* Info.plist */,
				34F951AD1C83BFF1003CBE96 /* recipez.xcdatamodeld */,
			);
			path = recipez;
			sourceTree = "<group>";
		};
		34F951BB1C83C8A7003CBE96 /* Model */ = {
			isa = PBXGroup;
			children = (
				34F951BE1C83C8F3003CBE96 /* Recipe+CoreDataProperties.swift */,
				34F951BF1C83C8F3003CBE96 /* Recipe.swift */,
			);
			name = Model;
			sourceTree = "<group>";
		};
		34F951BC1C83C8AD003CBE96 /* View */ = {
			isa = PBXGroup;
			children = (
				34F951C21C83CCB9003CBE96 /* RecipeCell.swift */,
			);
			name = View;
			sourceTree = "<group>";
		};
		34F951BD1C83C8B1003CBE96 /* Controller */ = {
			isa = PBXGroup;
			children = (
				34F951A81C83BFF1003CBE96 /* ViewController.swift */,
				34F951C41C83D3EE003CBE96 /* RecipeVC.swift */,
			);
			name = Controller;
			sourceTree = "<group>";
		};
/* End PBXGroup section */

/* Begin PBXNativeTarget section */
		34F951A21C83BFF1003CBE96 /* recipez */ = {
			isa = PBXNativeTarget;
			buildConfigurationList = 34F951B81C83BFF1003CBE96 /* Build configuration list for PBXNativeTarget "recipez" */;
			buildPhases = (
				34F9519F1C83BFF1003CBE96 /* Sources */,
				34F951A01C83BFF1003CBE96 /* Frameworks */,
				34F951A11C83BFF1003CBE96 /* Resources */,
			);
			buildRules = (
			);
			dependencies = (
			);
			name = recipez;
			productName = recipez;
			productReference = 34F951A31C83BFF1003CBE96 /* recipez.app */;
			productType = "com.apple.product-type.application";
		};
/* End PBXNativeTarget section */

/* Begin PBXProject section */
		34F9519B1C83BFF1003CBE96 /* Project object */ = {
			isa = PBXProject;
			attributes = {
				LastSwiftUpdateCheck = 0720;
				LastUpgradeCheck = 0720;
				ORGANIZATIONNAME = "David Clare";
				TargetAttributes = {
					34F951A21C83BFF1003CBE96 = {
						CreatedOnToolsVersion = 7.2.1;
						DevelopmentTeam = A3LPYFV849;
					};
				};
			};
			buildConfigurationList = 34F9519E1C83BFF1003CBE96 /* Build configuration list for PBXProject "recipez" */;
			compatibilityVersion = "Xcode 3.2";
			developmentRegion = English;
			hasScannedForEncodings = 0;
			knownRegions = (
				en,
				Base,
			);
			mainGroup = 34F9519A1C83BFF1003CBE96;
			productRefGroup = 34F951A41C83BFF1003CBE96 /* Products */;
			projectDirPath = "";
			projectRoot = "";
			targets = (
				34F951A21C83BFF1003CBE96 /* recipez */,
			);
		};
/* End PBXProject section */

/* Begin PBXResourcesBuildPhase section */
		34F951A11C83BFF1003CBE96 /* Resources */ = {
			isa = PBXResourcesBuildPhase;
			buildActionMask = 2147483647;
			files = (
				34F951B41C83BFF1003CBE96 /* LaunchScreen.storyboard in Resources */,
				34F951B11C83BFF1003CBE96 /* Assets.xcassets in Resources */,
				34F951AC1C83BFF1003CBE96 /* Main.storyboard in Resources */,
			);
			runOnlyForDeploymentPostprocessing = 0;
		};
/* End PBXResourcesBuildPhase section */

/* Begin PBXSourcesBuildPhase section */
		34F9519F1C83BFF1003CBE96 /* Sources */ = {
			isa = PBXSourcesBuildPhase;
			buildActionMask = 2147483647;
			files = (
				34F951A91C83BFF1003CBE96 /* ViewController.swift in Sources */,
				34F951C01C83C8F3003CBE96 /* Recipe+CoreDataProperties.swift in Sources */,
				34F951A71C83BFF1003CBE96 /* AppDelegate.swift in Sources */,
				34F951C31C83CCB9003CBE96 /* RecipeCell.swift in Sources */,
				34F951AF1C83BFF1003CBE96 /* recipez.xcdatamodeld in Sources */,
				34F951C11C83C8F3003CBE96 /* Recipe.swift in Sources */,
				34F951C51C83D3EE003CBE96 /* RecipeVC.swift in Sources */,
			);
			runOnlyForDeploymentPostprocessing = 0;
		};
/* End PBXSourcesBuildPhase section */

/* Begin PBXVariantGroup section */
		34F951AA1C83BFF1003CBE96 /* Main.storyboard */ = {
			isa = PBXVariantGroup;
			children = (
				34F951AB1C83BFF1003CBE96 /* Base */,
			);
			name = Main.storyboard;
			sourceTree = "<group>";
		};
		34F951B21C83BFF1003CBE96 /* LaunchScreen.storyboard */ = {
			isa = PBXVariantGroup;
			children = (
				34F951B31C83BFF1003CBE96 /* Base */,
			);
			name = LaunchScreen.storyboard;
			sourceTree = "<group>";
		};
/* End PBXVariantGroup section */

/* Begin XCBuildConfiguration section */
		34F951B61C83BFF1003CBE96 /* Debug */ = {
			isa = XCBuildConfiguration;
			buildSettings = {
				ALWAYS_SEARCH_USER_PATHS = NO;
				CLANG_CXX_LANGUAGE_STANDARD = "gnu++0x";
				CLANG_CXX_LIBRARY = "libc++";
				CLANG_ENABLE_MODULES = YES;
				CLANG_ENABLE_OBJC_ARC = YES;
				CLANG_WARN_BOOL_CONVERSION = YES;
				CLANG_WARN_CONSTANT_CONVERSION = YES;
				CLANG_WARN_DIRECT_OBJC_ISA_USAGE = YES_ERROR;
				CLANG_WARN_EMPTY_BODY = YES;
				CLANG_WARN_ENUM_CONVERSION = YES;
				CLANG_WARN_INT_CONVERSION = YES;
				CLANG_WARN_OBJC_ROOT_CLASS = YES_ERROR;
				CLANG_WARN_UNREACHABLE_CODE = YES;
				CLANG_WARN__DUPLICATE_METHOD_MATCH = YES;
				"CODE_SIGN_IDENTITY[sdk=iphoneos*]" = "iPhone Developer";
				COPY_PHASE_STRIP = NO;
				DEBUG_INFORMATION_FORMAT = dwarf;
				ENABLE_STRICT_OBJC_MSGSEND = YES;
				ENABLE_TESTABILITY = YES;
				GCC_C_LANGUAGE_STANDARD = gnu99;
				GCC_DYNAMIC_NO_PIC = NO;
				GCC_NO_COMMON_BLOCKS = YES;
				GCC_OPTIMIZATION_LEVEL = 0;
				GCC_PREPROCESSOR_DEFINITIONS = (
					"DEBUG=1",
					"$(inherited)",
				);
				GCC_WARN_64_TO_32_BIT_CONVERSION = YES;
				GCC_WARN_ABOUT_RETURN_TYPE = YES_ERROR;
				GCC_WARN_UNDECLARED_SELECTOR = YES;
				GCC_WARN_UNINITIALIZED_AUTOS = YES_AGGRESSIVE;
				GCC_WARN_UNUSED_FUNCTION = YES;
				GCC_WARN_UNUSED_VARIABLE = YES;
				IPHONEOS_DEPLOYMENT_TARGET = 9.2;
				MTL_ENABLE_DEBUG_INFO = YES;
				ONLY_ACTIVE_ARCH = YES;
				SDKROOT = iphoneos;
				SWIFT_OPTIMIZATION_LEVEL = "-Onone";
				TARGETED_DEVICE_FAMILY = "1,2";
			};
			name = Debug;
		};
		34F951B71C83BFF1003CBE96 /* Release */ = {
			isa = XCBuildConfiguration;
			buildSettings = {
				ALWAYS_SEARCH_USER_PATHS = NO;
				CLANG_CXX_LANGUAGE_STANDARD = "gnu++0x";
				CLANG_CXX_LIBRARY = "libc++";
				CLANG_ENABLE_MODULES = YES;
				CLANG_ENABLE_OBJC_ARC = YES;
				CLANG_WARN_BOOL_CONVERSION = YES;
				CLANG_WARN_CONSTANT_CONVERSION = YES;
				CLANG_WARN_DIRECT_OBJC_ISA_USAGE = YES_ERROR;
				CLANG_WARN_EMPTY_BODY = YES;
				CLANG_WARN_ENUM_CONVERSION = YES;
				CLANG_WARN_INT_CONVERSION = YES;
				CLANG_WARN_OBJC_ROOT_CLASS = YES_ERROR;
				CLANG_WARN_UNREACHABLE_CODE = YES;
				CLANG_WARN__DUPLICATE_METHOD_MATCH = YES;
				"CODE_SIGN_IDENTITY[sdk=iphoneos*]" = "iPhone Developer";
				COPY_PHASE_STRIP = NO;
				DEBUG_INFORMATION_FORMAT = "dwarf-with-dsym";
				ENABLE_NS_ASSERTIONS = NO;
				ENABLE_STRICT_OBJC_MSGSEND = YES;
				GCC_C_LANGUAGE_STANDARD = gnu99;
				GCC_NO_COMMON_BLOCKS = YES;
				GCC_WARN_64_TO_32_BIT_CONVERSION = YES;
				GCC_WARN_ABOUT_RETURN_TYPE = YES_ERROR;
				GCC_WARN_UNDECLARED_SELECTOR = YES;
				GCC_WARN_UNINITIALIZED_AUTOS = YES_AGGRESSIVE;
				GCC_WARN_UNUSED_FUNCTION = YES;
				GCC_WARN_UNUSED_VARIABLE = YES;
				IPHONEOS_DEPLOYMENT_TARGET = 9.2;
				MTL_ENABLE_DEBUG_INFO = NO;
				SDKROOT = iphoneos;
				TARGETED_DEVICE_FAMILY = "1,2";
				VALIDATE_PRODUCT = YES;
			};
			name = Release;
		};
		34F951B91C83BFF1003CBE96 /* Debug */ = {
			isa = XCBuildConfiguration;
			buildSettings = {
				ASSETCATALOG_COMPILER_APPICON_NAME = AppIcon;
				INFOPLIST_FILE = recipez/Info.plist;
				LD_RUNPATH_SEARCH_PATHS = "$(inherited) @executable_path/Frameworks";
				PRODUCT_BUNDLE_IDENTIFIER = com.thegreatestross.recipez;
				PRODUCT_NAME = "$(TARGET_NAME)";
			};
			name = Debug;
		};
		34F951BA1C83BFF1003CBE96 /* Release */ = {
			isa = XCBuildConfiguration;
			buildSettings = {
				ASSETCATALOG_COMPILER_APPICON_NAME = AppIcon;
				INFOPLIST_FILE = recipez/Info.plist;
				LD_RUNPATH_SEARCH_PATHS = "$(inherited) @executable_path/Frameworks";
				PRODUCT_BUNDLE_IDENTIFIER = com.thegreatestross.recipez;
				PRODUCT_NAME = "$(TARGET_NAME)";
			};
			name = Release;
		};
/* End XCBuildConfiguration section */

/* Begin XCConfigurationList section */
		34F9519E1C83BFF1003CBE96 /* Build configuration list for PBXProject "recipez" */ = {
			isa = XCConfigurationList;
			buildConfigurations = (
				34F951B61C83BFF1003CBE96 /* Debug */,
				34F951B71C83BFF1003CBE96 /* Release */,
			);
			defaultConfigurationIsVisible = 0;
			defaultConfigurationName = Release;
		};
		34F951B81C83BFF1003CBE96 /* Build configuration list for PBXNativeTarget "recipez" */ = {
			isa = XCConfigurationList;
			buildConfigurations = (
				34F951B91C83BFF1003CBE96 /* Debug */,
				34F951BA1C83BFF1003CBE96 /* Release */,
			);
			defaultConfigurationIsVisible = 0;
		};
/* End XCConfigurationList section */

/* Begin XCVersionGroup section */
		34F951AD1C83BFF1003CBE96 /* recipez.xcdatamodeld */ = {
			isa = XCVersionGroup;
			children = (
				34F951AE1C83BFF1003CBE96 /* recipez.xcdatamodel */,
			);
			currentVersion = 34F951AE1C83BFF1003CBE96 /* recipez.xcdatamodel */;
			path = recipez.xcdatamodeld;
			sourceTree = "<group>";
			versionGroupType = wrapper.xcdatamodel;
		};
/* End XCVersionGroup section */
	};
	rootObject = 34F9519B1C83BFF1003CBE96 /* Project object */;
}
